
Microsoft Visual Studio Solution File, Format Version 12.00
# Visual Studio Version 17
VisualStudioVersion = 17.12.35527.113 d17.12
MinimumVisualStudioVersion = 10.0.40219.1
Project("{FAE04EC0-301F-11D3-BF4B-00C04F79EFBC}") = "C43-G05-ADV01", "C43-G05-ADV01\C43-G05-ADV01.csproj", "{CAEC249C-BB08-4DA0-B874-0147EF5279CF}"
EndProject
Global
	GlobalSection(SolutionConfigurationPlatforms) = preSolution
		Debug|Any CPU = Debug|Any CPU
		Release|Any CPU = Release|Any CPU
	EndGlobalSection
	GlobalSection(ProjectConfigurationPlatforms) = postSolution
		{CAEC249C-BB08-4DA0-B874-0147EF5279CF}.Debug|Any CPU.ActiveCfg = Debug|Any CPU
		{CAEC249C-BB08-4DA0-B874-0147EF5279CF}.Debug|Any CPU.Build.0 = Debug|Any CPU
		{CAEC249C-BB08-4DA0-B874-0147EF5279CF}.Release|Any CPU.ActiveCfg = Release|Any CPU
		{CAEC249C-BB08-4DA0-B874-0147EF5279CF}.Release|Any CPU.Build.0 = Release|Any CPU
	EndGlobalSection
	GlobalSection(SolutionProperties) = preSolution
		HideSolutionNode = FALSE
	EndGlobalSection
EndGlobal
